
Microsoft Visual Studio Solution File, Format Version 12.00
# Visual Studio Version 16
VisualStudioVersion = 16.0.29911.84
MinimumVisualStudioVersion = 10.0.40219.1
Project("{FAE04EC0-301F-11D3-BF4B-00C04F79EFBC}") = "BlazorCRUDApplication", "BlazorCRUDApplication\BlazorCRUDApplication.csproj", "{DF86E3D4-141C-4CDC-98E7-BB28681DAD63}"
EndProject
Global
	GlobalSection(SolutionConfigurationPlatforms) = preSolution
		Debug|Any CPU = Debug|Any CPU
		Release|Any CPU = Release|Any CPU
	EndGlobalSection
	GlobalSection(ProjectConfigurationPlatforms) = postSolution
		{DF86E3D4-141C-4CDC-98E7-BB28681DAD63}.Debug|Any CPU.ActiveCfg = Debug|Any CPU
		{DF86E3D4-141C-4CDC-98E7-BB28681DAD63}.Debug|Any CPU.Build.0 = Debug|Any CPU
		{DF86E3D4-141C-4CDC-98E7-BB28681DAD63}.Release|Any CPU.ActiveCfg = Release|Any CPU
		{DF86E3D4-141C-4CDC-98E7-BB28681DAD63}.Release|Any CPU.Build.0 = Release|Any CPU
	EndGlobalSection
	GlobalSection(SolutionProperties) = preSolution
		HideSolutionNode = FALSE
	EndGlobalSection
	GlobalSection(ExtensibilityGlobals) = postSolution
		SolutionGuid = {A5AE18BE-CF14-447B-8654-AAE972365840}
	EndGlobalSection
EndGlobal
